
Microsoft Visual Studio Solution File, Format Version 12.00
# Visual Studio 15
VisualStudioVersion = 15.0.28307.757
MinimumVisualStudioVersion = 10.0.40219.1
Project("{9A19103F-16F7-4668-BE54-9A1E7A4F7556}") = "RemoteRazorPartialViews", "src\RemoteRazorPartialViews\RemoteRazorPartialViews.csproj", "{501C3D44-AD0C-414E-A7EE-E0D607C49AB1}"
EndProject
Project("{9A19103F-16F7-4668-BE54-9A1E7A4F7556}") = "NetCoreApplication", "tests\NetCoreApplication\NetCoreApplication.csproj", "{33DD038E-84F0-4B5E-A757-E8727449C19F}"
EndProject
Project("{2150E333-8FDC-42A3-9474-1A3956D46DE8}") = "tests", "tests", "{90664E24-8249-4963-ABB8-185D69BC1716}"
EndProject
Global
	GlobalSection(SolutionConfigurationPlatforms) = preSolution
		Debug|Any CPU = Debug|Any CPU
		Release|Any CPU = Release|Any CPU
	EndGlobalSection
	GlobalSection(ProjectConfigurationPlatforms) = postSolution
		{501C3D44-AD0C-414E-A7EE-E0D607C49AB1}.Debug|Any CPU.ActiveCfg = Debug|Any CPU
		{501C3D44-AD0C-414E-A7EE-E0D607C49AB1}.Debug|Any CPU.Build.0 = Debug|Any CPU
		{501C3D44-AD0C-414E-A7EE-E0D607C49AB1}.Release|Any CPU.ActiveCfg = Release|Any CPU
		{501C3D44-AD0C-414E-A7EE-E0D607C49AB1}.Release|Any CPU.Build.0 = Release|Any CPU
		{33DD038E-84F0-4B5E-A757-E8727449C19F}.Debug|Any CPU.ActiveCfg = Debug|Any CPU
		{33DD038E-84F0-4B5E-A757-E8727449C19F}.Debug|Any CPU.Build.0 = Debug|Any CPU
		{33DD038E-84F0-4B5E-A757-E8727449C19F}.Release|Any CPU.ActiveCfg = Release|Any CPU
		{33DD038E-84F0-4B5E-A757-E8727449C19F}.Release|Any CPU.Build.0 = Release|Any CPU
	EndGlobalSection
	GlobalSection(SolutionProperties) = preSolution
		HideSolutionNode = FALSE
	EndGlobalSection
	GlobalSection(NestedProjects) = preSolution
		{33DD038E-84F0-4B5E-A757-E8727449C19F} = {90664E24-8249-4963-ABB8-185D69BC1716}
	EndGlobalSection
	GlobalSection(ExtensibilityGlobals) = postSolution
		SolutionGuid = {8333D318-3A8B-435F-A861-554AC8DBDB00}
	EndGlobalSection
EndGlobal
